// !$*UTF8*$!
{
	archiveVersion = 1;
	classes = {
	};
	objectVersion = 46;
	objects = {

/* Begin PBXBuildFile section */
		034B47700CA544268872F22E /* libPods.a in Frameworks */ = {isa = PBXBuildFile; fileRef = 97E8B468D9CD45AF8F7C49AC /* libPods.a */; };
		644AA60719B517F300F2382E /* Foundation.framework in Frameworks */ = {isa = PBXBuildFile; fileRef = 644AA60619B517F300F2382E /* Foundation.framework */; };
		644AA60919B517F300F2382E /* CoreGraphics.framework in Frameworks */ = {isa = PBXBuildFile; fileRef = 644AA60819B517F300F2382E /* CoreGraphics.framework */; };
		644AA60B19B517F300F2382E /* UIKit.framework in Frameworks */ = {isa = PBXBuildFile; fileRef = 644AA60A19B517F300F2382E /* UIKit.framework */; };
		644AA61119B517F300F2382E /* InfoPlist.strings in Resources */ = {isa = PBXBuildFile; fileRef = 644AA60F19B517F300F2382E /* InfoPlist.strings */; };
		644AA61319B517F300F2382E /* main.m in Sources */ = {isa = PBXBuildFile; fileRef = 644AA61219B517F300F2382E /* main.m */; };
		644AA61719B517F300F2382E /* TKLAppDelegate.m in Sources */ = {isa = PBXBuildFile; fileRef = 644AA61619B517F300F2382E /* TKLAppDelegate.m */; };
		644AA61A19B517F300F2382E /* Main.storyboard in Resources */ = {isa = PBXBuildFile; fileRef = 644AA61819B517F300F2382E /* Main.storyboard */; };
		644AA61D19B517F300F2382E /* TKLViewController.m in Sources */ = {isa = PBXBuildFile; fileRef = 644AA61C19B517F300F2382E /* TKLViewController.m */; };
		644AA61F19B517F300F2382E /* Images.xcassets in Resources */ = {isa = PBXBuildFile; fileRef = 644AA61E19B517F300F2382E /* Images.xcassets */; };
		644AA62619B517F300F2382E /* XCTest.framework in Frameworks */ = {isa = PBXBuildFile; fileRef = 644AA62519B517F300F2382E /* XCTest.framework */; };
		644AA62719B517F300F2382E /* Foundation.framework in Frameworks */ = {isa = PBXBuildFile; fileRef = 644AA60619B517F300F2382E /* Foundation.framework */; };
		644AA62819B517F300F2382E /* UIKit.framework in Frameworks */ = {isa = PBXBuildFile; fileRef = 644AA60A19B517F300F2382E /* UIKit.framework */; };
		644AA63019B517F300F2382E /* InfoPlist.strings in Resources */ = {isa = PBXBuildFile; fileRef = 644AA62E19B517F300F2382E /* InfoPlist.strings */; };
		644AA63219B517F300F2382E /* LissuTests.m in Sources */ = {isa = PBXBuildFile; fileRef = 644AA63119B517F300F2382E /* LissuTests.m */; };
		644AA63C19B5181B00F2382E /* MapKit.framework in Frameworks */ = {isa = PBXBuildFile; fileRef = 644AA63B19B5181B00F2382E /* MapKit.framework */; };
		647B531719BBA06300BC5B47 /* TKLBus.m in Sources */ = {isa = PBXBuildFile; fileRef = 647B531619BBA06300BC5B47 /* TKLBus.m */; };
		64CD041E19B63CD600B629E3 /* TKLBusAnnotation.m in Sources */ = {isa = PBXBuildFile; fileRef = 64CD041D19B63CD600B629E3 /* TKLBusAnnotation.m */; };
/* End PBXBuildFile section */

/* Begin PBXContainerItemProxy section */
		644AA62919B517F300F2382E /* PBXContainerItemProxy */ = {
			isa = PBXContainerItemProxy;
			containerPortal = 644AA5FB19B517F300F2382E /* Project object */;
			proxyType = 1;
			remoteGlobalIDString = 644AA60219B517F300F2382E;
			remoteInfo = Lissu;
		};
/* End PBXContainerItemProxy section */

/* Begin PBXFileReference section */
		039371182DF44753A985CF86 /* Pods.xcconfig */ = {isa = PBXFileReference; includeInIndex = 1; lastKnownFileType = text.xcconfig; name = Pods.xcconfig; path = Pods/Pods.xcconfig; sourceTree = "<group>"; };
		644AA60319B517F300F2382E /* Lissu.app */ = {isa = PBXFileReference; explicitFileType = wrapper.application; includeInIndex = 0; path = Lissu.app; sourceTree = BUILT_PRODUCTS_DIR; };
		644AA60619B517F300F2382E /* Foundation.framework */ = {isa = PBXFileReference; lastKnownFileType = wrapper.framework; name = Foundation.framework; path = System/Library/Frameworks/Foundation.framework; sourceTree = SDKROOT; };
		644AA60819B517F300F2382E /* CoreGraphics.framework */ = {isa = PBXFileReference; lastKnownFileType = wrapper.framework; name = CoreGraphics.framework; path = System/Library/Frameworks/CoreGraphics.framework; sourceTree = SDKROOT; };
		644AA60A19B517F300F2382E /* UIKit.framework */ = {isa = PBXFileReference; lastKnownFileType = wrapper.framework; name = UIKit.framework; path = System/Library/Frameworks/UIKit.framework; sourceTree = SDKROOT; };
		644AA60E19B517F300F2382E /* Lissu-Info.plist */ = {isa = PBXFileReference; lastKnownFileType = text.plist.xml; path = "Lissu-Info.plist"; sourceTree = "<group>"; };
		644AA61019B517F300F2382E /* en */ = {isa = PBXFileReference; lastKnownFileType = text.plist.strings; name = en; path = en.lproj/InfoPlist.strings; sourceTree = "<group>"; };
		644AA61219B517F300F2382E /* main.m */ = {isa = PBXFileReference; lastKnownFileType = sourcecode.c.objc; path = main.m; sourceTree = "<group>"; };
		644AA61419B517F300F2382E /* Lissu-Prefix.pch */ = {isa = PBXFileReference; lastKnownFileType = sourcecode.c.h; path = "Lissu-Prefix.pch"; sourceTree = "<group>"; };
		644AA61519B517F300F2382E /* TKLAppDelegate.h */ = {isa = PBXFileReference; lastKnownFileType = sourcecode.c.h; path = TKLAppDelegate.h; sourceTree = "<group>"; };
		644AA61619B517F300F2382E /* TKLAppDelegate.m */ = {isa = PBXFileReference; lastKnownFileType = sourcecode.c.objc; path = TKLAppDelegate.m; sourceTree = "<group>"; };
		644AA61919B517F300F2382E /* Base */ = {isa = PBXFileReference; lastKnownFileType = file.storyboard; name = Base; path = Base.lproj/Main.storyboard; sourceTree = "<group>"; };
		644AA61B19B517F300F2382E /* TKLViewController.h */ = {isa = PBXFileReference; lastKnownFileType = sourcecode.c.h; path = TKLViewController.h; sourceTree = "<group>"; };
		644AA61C19B517F300F2382E /* TKLViewController.m */ = {isa = PBXFileReference; lastKnownFileType = sourcecode.c.objc; path = TKLViewController.m; sourceTree = "<group>"; };
		644AA61E19B517F300F2382E /* Images.xcassets */ = {isa = PBXFileReference; lastKnownFileType = folder.assetcatalog; path = Images.xcassets; sourceTree = "<group>"; };
		644AA62419B517F300F2382E /* LissuTests.xctest */ = {isa = PBXFileReference; explicitFileType = wrapper.cfbundle; includeInIndex = 0; path = LissuTests.xctest; sourceTree = BUILT_PRODUCTS_DIR; };
		644AA62519B517F300F2382E /* XCTest.framework */ = {isa = PBXFileReference; lastKnownFileType = wrapper.framework; name = XCTest.framework; path = Library/Frameworks/XCTest.framework; sourceTree = DEVELOPER_DIR; };
		644AA62D19B517F300F2382E /* LissuTests-Info.plist */ = {isa = PBXFileReference; lastKnownFileType = text.plist.xml; path = "LissuTests-Info.plist"; sourceTree = "<group>"; };
		644AA62F19B517F300F2382E /* en */ = {isa = PBXFileReference; lastKnownFileType = text.plist.strings; name = en; path = en.lproj/InfoPlist.strings; sourceTree = "<group>"; };
		644AA63119B517F300F2382E /* LissuTests.m */ = {isa = PBXFileReference; lastKnownFileType = sourcecode.c.objc; path = LissuTests.m; sourceTree = "<group>"; };
		644AA63B19B5181B00F2382E /* MapKit.framework */ = {isa = PBXFileReference; lastKnownFileType = wrapper.framework; name = MapKit.framework; path = System/Library/Frameworks/MapKit.framework; sourceTree = SDKROOT; };
		647B531119BB922100BC5B47 /* TKLBus.h */ = {isa = PBXFileReference; fileEncoding = 4; lastKnownFileType = sourcecode.c.h; path = TKLBus.h; sourceTree = "<group>"; };
		647B531619BBA06300BC5B47 /* TKLBus.m */ = {isa = PBXFileReference; fileEncoding = 4; lastKnownFileType = sourcecode.c.objc; path = TKLBus.m; sourceTree = "<group>"; };
		64CD041C19B63CD600B629E3 /* TKLBusAnnotation.h */ = {isa = PBXFileReference; fileEncoding = 4; lastKnownFileType = sourcecode.c.h; path = TKLBusAnnotation.h; sourceTree = "<group>"; };
		64CD041D19B63CD600B629E3 /* TKLBusAnnotation.m */ = {isa = PBXFileReference; fileEncoding = 4; lastKnownFileType = sourcecode.c.objc; path = TKLBusAnnotation.m; sourceTree = "<group>"; };
		97E8B468D9CD45AF8F7C49AC /* libPods.a */ = {isa = PBXFileReference; explicitFileType = archive.ar; includeInIndex = 0; path = libPods.a; sourceTree = BUILT_PRODUCTS_DIR; };
/* End PBXFileReference section */

/* Begin PBXFrameworksBuildPhase section */
		644AA60019B517F300F2382E /* Frameworks */ = {
			isa = PBXFrameworksBuildPhase;
			buildActionMask = 2147483647;
			files = (
				644AA63C19B5181B00F2382E /* MapKit.framework in Frameworks */,
				644AA60919B517F300F2382E /* CoreGraphics.framework in Frameworks */,
				644AA60B19B517F300F2382E /* UIKit.framework in Frameworks */,
				644AA60719B517F300F2382E /* Foundation.framework in Frameworks */,
				034B47700CA544268872F22E /* libPods.a in Frameworks */,
			);
			runOnlyForDeploymentPostprocessing = 0;
		};
		644AA62119B517F300F2382E /* Frameworks */ = {
			isa = PBXFrameworksBuildPhase;
			buildActionMask = 2147483647;
			files = (
				644AA62619B517F300F2382E /* XCTest.framework in Frameworks */,
				644AA62819B517F300F2382E /* UIKit.framework in Frameworks */,
				644AA62719B517F300F2382E /* Foundation.framework in Frameworks */,
			);
			runOnlyForDeploymentPostprocessing = 0;
		};
/* End PBXFrameworksBuildPhase section */

/* Begin PBXGroup section */
		644AA5FA19B517F300F2382E = {
			isa = PBXGroup;
			children = (
				644AA60C19B517F300F2382E /* Lissu */,
				644AA62B19B517F300F2382E /* LissuTests */,
				644AA60519B517F300F2382E /* Frameworks */,
				644AA60419B517F300F2382E /* Products */,
				039371182DF44753A985CF86 /* Pods.xcconfig */,
			);
			sourceTree = "<group>";
		};
		644AA60419B517F300F2382E /* Products */ = {
			isa = PBXGroup;
			children = (
				644AA60319B517F300F2382E /* Lissu.app */,
				644AA62419B517F300F2382E /* LissuTests.xctest */,
			);
			name = Products;
			sourceTree = "<group>";
		};
		644AA60519B517F300F2382E /* Frameworks */ = {
			isa = PBXGroup;
			children = (
				644AA63B19B5181B00F2382E /* MapKit.framework */,
				644AA60619B517F300F2382E /* Foundation.framework */,
				644AA60819B517F300F2382E /* CoreGraphics.framework */,
				644AA60A19B517F300F2382E /* UIKit.framework */,
				644AA62519B517F300F2382E /* XCTest.framework */,
				97E8B468D9CD45AF8F7C49AC /* libPods.a */,
			);
			name = Frameworks;
			sourceTree = "<group>";
		};
		644AA60C19B517F300F2382E /* Lissu */ = {
			isa = PBXGroup;
			children = (
				647B531119BB922100BC5B47 /* TKLBus.h */,
				647B531619BBA06300BC5B47 /* TKLBus.m */,
				644AA61519B517F300F2382E /* TKLAppDelegate.h */,
				644AA61619B517F300F2382E /* TKLAppDelegate.m */,
				644AA61819B517F300F2382E /* Main.storyboard */,
				644AA61B19B517F300F2382E /* TKLViewController.h */,
				644AA61C19B517F300F2382E /* TKLViewController.m */,
				64CD041C19B63CD600B629E3 /* TKLBusAnnotation.h */,
				64CD041D19B63CD600B629E3 /* TKLBusAnnotation.m */,
				644AA61E19B517F300F2382E /* Images.xcassets */,
				644AA60D19B517F300F2382E /* Supporting Files */,
			);
			path = Lissu;
			sourceTree = "<group>";
		};
		644AA60D19B517F300F2382E /* Supporting Files */ = {
			isa = PBXGroup;
			children = (
				644AA60E19B517F300F2382E /* Lissu-Info.plist */,
				644AA60F19B517F300F2382E /* InfoPlist.strings */,
				644AA61219B517F300F2382E /* main.m */,
				644AA61419B517F300F2382E /* Lissu-Prefix.pch */,
			);
			name = "Supporting Files";
			sourceTree = "<group>";
		};
		644AA62B19B517F300F2382E /* LissuTests */ = {
			isa = PBXGroup;
			children = (
				644AA63119B517F300F2382E /* LissuTests.m */,
				644AA62C19B517F300F2382E /* Supporting Files */,
			);
			path = LissuTests;
			sourceTree = "<group>";
		};
		644AA62C19B517F300F2382E /* Supporting Files */ = {
			isa = PBXGroup;
			children = (
				644AA62D19B517F300F2382E /* LissuTests-Info.plist */,
				644AA62E19B517F300F2382E /* InfoPlist.strings */,
			);
			name = "Supporting Files";
			sourceTree = "<group>";
		};
/* End PBXGroup section */

/* Begin PBXNativeTarget section */
		644AA60219B517F300F2382E /* Lissu */ = {
			isa = PBXNativeTarget;
			buildConfigurationList = 644AA63519B517F300F2382E /* Build configuration list for PBXNativeTarget "Lissu" */;
			buildPhases = (
				8849BE353B3743319EEC1123 /* Check Pods Manifest.lock */,
				644AA5FF19B517F300F2382E /* Sources */,
				644AA60019B517F300F2382E /* Frameworks */,
				644AA60119B517F300F2382E /* Resources */,
				C49339269B0440EBA543B984 /* Copy Pods Resources */,
			);
			buildRules = (
			);
			dependencies = (
			);
			name = Lissu;
			productName = Lissu;
			productReference = 644AA60319B517F300F2382E /* Lissu.app */;
			productType = "com.apple.product-type.application";
		};
		644AA62319B517F300F2382E /* LissuTests */ = {
			isa = PBXNativeTarget;
			buildConfigurationList = 644AA63819B517F300F2382E /* Build configuration list for PBXNativeTarget "LissuTests" */;
			buildPhases = (
				644AA62019B517F300F2382E /* Sources */,
				644AA62119B517F300F2382E /* Frameworks */,
				644AA62219B517F300F2382E /* Resources */,
			);
			buildRules = (
			);
			dependencies = (
				644AA62A19B517F300F2382E /* PBXTargetDependency */,
			);
			name = LissuTests;
			productName = LissuTests;
			productReference = 644AA62419B517F300F2382E /* LissuTests.xctest */;
			productType = "com.apple.product-type.bundle.unit-test";
		};
/* End PBXNativeTarget section */

/* Begin PBXProject section */
		644AA5FB19B517F300F2382E /* Project object */ = {
			isa = PBXProject;
			attributes = {
				CLASSPREFIX = TKL;
				LastUpgradeCheck = 0510;
				ORGANIZATIONNAME = "Kimmo Brunfeldt";
				TargetAttributes = {
					644AA62319B517F300F2382E = {
						TestTargetID = 644AA60219B517F300F2382E;
					};
				};
			};
			buildConfigurationList = 644AA5FE19B517F300F2382E /* Build configuration list for PBXProject "Lissu" */;
			compatibilityVersion = "Xcode 3.2";
			developmentRegion = English;
			hasScannedForEncodings = 0;
			knownRegions = (
				en,
				Base,
			);
			mainGroup = 644AA5FA19B517F300F2382E;
			productRefGroup = 644AA60419B517F300F2382E /* Products */;
			projectDirPath = "";
			projectRoot = "";
			targets = (
				644AA60219B517F300F2382E /* Lissu */,
				644AA62319B517F300F2382E /* LissuTests */,
			);
		};
/* End PBXProject section */

/* Begin PBXResourcesBuildPhase section */
		644AA60119B517F300F2382E /* Resources */ = {
			isa = PBXResourcesBuildPhase;
			buildActionMask = 2147483647;
			files = (
				644AA61F19B517F300F2382E /* Images.xcassets in Resources */,
				644AA61119B517F300F2382E /* InfoPlist.strings in Resources */,
				644AA61A19B517F300F2382E /* Main.storyboard in Resources */,
			);
			runOnlyForDeploymentPostprocessing = 0;
		};
		644AA62219B517F300F2382E /* Resources */ = {
			isa = PBXResourcesBuildPhase;
			buildActionMask = 2147483647;
			files = (
				644AA63019B517F300F2382E /* InfoPlist.strings in Resources */,
			);
			runOnlyForDeploymentPostprocessing = 0;
		};
/* End PBXResourcesBuildPhase section */

/* Begin PBXShellScriptBuildPhase section */
		8849BE353B3743319EEC1123 /* Check Pods Manifest.lock */ = {
			isa = PBXShellScriptBuildPhase;
			buildActionMask = 2147483647;
			files = (
			);
			inputPaths = (
			);
			name = "Check Pods Manifest.lock";
			outputPaths = (
			);
			runOnlyForDeploymentPostprocessing = 0;
			shellPath = /bin/sh;
			shellScript = "diff \"${PODS_ROOT}/../Podfile.lock\" \"${PODS_ROOT}/Manifest.lock\" > /dev/null\nif [[ $? != 0 ]] ; then\n    cat << EOM\nerror: The sandbox is not in sync with the Podfile.lock. Run 'pod install' or update your CocoaPods installation.\nEOM\n    exit 1\nfi\n";
			showEnvVarsInLog = 0;
		};
		C49339269B0440EBA543B984 /* Copy Pods Resources */ = {
			isa = PBXShellScriptBuildPhase;
			buildActionMask = 2147483647;
			files = (
			);
			inputPaths = (
			);
			name = "Copy Pods Resources";
			outputPaths = (
			);
			runOnlyForDeploymentPostprocessing = 0;
			shellPath = /bin/sh;
			shellScript = "\"${SRCROOT}/Pods/Pods-resources.sh\"\n";
			showEnvVarsInLog = 0;
		};
/* End PBXShellScriptBuildPhase section */

/* Begin PBXSourcesBuildPhase section */
		644AA5FF19B517F300F2382E /* Sources */ = {
			isa = PBXSourcesBuildPhase;
			buildActionMask = 2147483647;
			files = (
				644AA61719B517F300F2382E /* TKLAppDelegate.m in Sources */,
				64CD041E19B63CD600B629E3 /* TKLBusAnnotation.m in Sources */,
				644AA61319B517F300F2382E /* main.m in Sources */,
				647B531719BBA06300BC5B47 /* TKLBus.m in Sources */,
				644AA61D19B517F300F2382E /* TKLViewController.m in Sources */,
			);
			runOnlyForDeploymentPostprocessing = 0;
		};
		644AA62019B517F300F2382E /* Sources */ = {
			isa = PBXSourcesBuildPhase;
			buildActionMask = 2147483647;
			files = (
				644AA63219B517F300F2382E /* LissuTests.m in Sources */,
			);
			runOnlyForDeploymentPostprocessing = 0;
		};
/* End PBXSourcesBuildPhase section */

/* Begin PBXTargetDependency section */
		644AA62A19B517F300F2382E /* PBXTargetDependency */ = {
			isa = PBXTargetDependency;
			target = 644AA60219B517F300F2382E /* Lissu */;
			targetProxy = 644AA62919B517F300F2382E /* PBXContainerItemProxy */;
		};
/* End PBXTargetDependency section */

/* Begin PBXVariantGroup section */
		644AA60F19B517F300F2382E /* InfoPlist.strings */ = {
			isa = PBXVariantGroup;
			children = (
				644AA61019B517F300F2382E /* en */,
			);
			name = InfoPlist.strings;
			sourceTree = "<group>";
		};
		644AA61819B517F300F2382E /* Main.storyboard */ = {
			isa = PBXVariantGroup;
			children = (
				644AA61919B517F300F2382E /* Base */,
			);
			name = Main.storyboard;
			sourceTree = "<group>";
		};
		644AA62E19B517F300F2382E /* InfoPlist.strings */ = {
			isa = PBXVariantGroup;
			children = (
				644AA62F19B517F300F2382E /* en */,
			);
			name = InfoPlist.strings;
			sourceTree = "<group>";
		};
/* End PBXVariantGroup section */

/* Begin XCBuildConfiguration section */
		644AA63319B517F300F2382E /* Debug */ = {
			isa = XCBuildConfiguration;
			buildSettings = {
				ALWAYS_SEARCH_USER_PATHS = NO;
				CLANG_CXX_LANGUAGE_STANDARD = "gnu++0x";
				CLANG_CXX_LIBRARY = "libc++";
				CLANG_ENABLE_MODULES = YES;
				CLANG_ENABLE_OBJC_ARC = YES;
				CLANG_WARN_BOOL_CONVERSION = YES;
				CLANG_WARN_CONSTANT_CONVERSION = YES;
				CLANG_WARN_DIRECT_OBJC_ISA_USAGE = YES_ERROR;
				CLANG_WARN_EMPTY_BODY = YES;
				CLANG_WARN_ENUM_CONVERSION = YES;
				CLANG_WARN_INT_CONVERSION = YES;
				CLANG_WARN_OBJC_ROOT_CLASS = YES_ERROR;
				CLANG_WARN__DUPLICATE_METHOD_MATCH = YES;
				"CODE_SIGN_IDENTITY[sdk=iphoneos*]" = "iPhone Developer";
				COPY_PHASE_STRIP = NO;
				GCC_C_LANGUAGE_STANDARD = gnu99;
				GCC_DYNAMIC_NO_PIC = NO;
				GCC_OPTIMIZATION_LEVEL = 0;
				GCC_PREPROCESSOR_DEFINITIONS = (
					"DEBUG=1",
					"$(inherited)",
				);
				GCC_SYMBOLS_PRIVATE_EXTERN = NO;
				GCC_WARN_64_TO_32_BIT_CONVERSION = YES;
				GCC_WARN_ABOUT_RETURN_TYPE = YES_ERROR;
				GCC_WARN_UNDECLARED_SELECTOR = YES;
				GCC_WARN_UNINITIALIZED_AUTOS = YES_AGGRESSIVE;
				GCC_WARN_UNUSED_FUNCTION = YES;
				GCC_WARN_UNUSED_VARIABLE = YES;
				IPHONEOS_DEPLOYMENT_TARGET = 7.0;
				ONLY_ACTIVE_ARCH = YES;
				SDKROOT = iphoneos;
			};
			name = Debug;
		};
		644AA63419B517F300F2382E /* Release */ = {
			isa = XCBuildConfiguration;
			buildSettings = {
				ALWAYS_SEARCH_USER_PATHS = NO;
				CLANG_CXX_LANGUAGE_STANDARD = "gnu++0x";
				CLANG_CXX_LIBRARY = "libc++";
				CLANG_ENABLE_MODULES = YES;
				CLANG_ENABLE_OBJC_ARC = YES;
				CLANG_WARN_BOOL_CONVERSION = YES;
				CLANG_WARN_CONSTANT_CONVERSION = YES;
				CLANG_WARN_DIRECT_OBJC_ISA_USAGE = YES_ERROR;
				CLANG_WARN_EMPTY_BODY = YES;
				CLANG_WARN_ENUM_CONVERSION = YES;
				CLANG_WARN_INT_CONVERSION = YES;
				CLANG_WARN_OBJC_ROOT_CLASS = YES_ERROR;
				CLANG_WARN__DUPLICATE_METHOD_MATCH = YES;
				"CODE_SIGN_IDENTITY[sdk=iphoneos*]" = "iPhone Developer";
				COPY_PHASE_STRIP = YES;
				ENABLE_NS_ASSERTIONS = NO;
				GCC_C_LANGUAGE_STANDARD = gnu99;
				GCC_WARN_64_TO_32_BIT_CONVERSION = YES;
				GCC_WARN_ABOUT_RETURN_TYPE = YES_ERROR;
				GCC_WARN_UNDECLARED_SELECTOR = YES;
				GCC_WARN_UNINITIALIZED_AUTOS = YES_AGGRESSIVE;
				GCC_WARN_UNUSED_FUNCTION = YES;
				GCC_WARN_UNUSED_VARIABLE = YES;
				IPHONEOS_DEPLOYMENT_TARGET = 7.0;
				SDKROOT = iphoneos;
				VALIDATE_PRODUCT = YES;
			};
			name = Release;
		};
		644AA63619B517F300F2382E /* Debug */ = {
			isa = XCBuildConfiguration;
			baseConfigurationReference = 039371182DF44753A985CF86 /* Pods.xcconfig */;
			buildSettings = {
				ASSETCATALOG_COMPILER_APPICON_NAME = AppIcon;
				ASSETCATALOG_COMPILER_LAUNCHIMAGE_NAME = LaunchImage;
				GCC_PRECOMPILE_PREFIX_HEADER = YES;
				GCC_PREFIX_HEADER = "Lissu/Lissu-Prefix.pch";
				INFOPLIST_FILE = "Lissu/Lissu-Info.plist";
				IPHONEOS_DEPLOYMENT_TARGET = 7.0;
				PRODUCT_NAME = "$(TARGET_NAME)";
				TARGETED_DEVICE_FAMILY = "1,2";
				WRAPPER_EXTENSION = app;
			};
			name = Debug;
		};
		644AA63719B517F300F2382E /* Release */ = {
			isa = XCBuildConfiguration;
			baseConfigurationReference = 039371182DF44753A985CF86 /* Pods.xcconfig */;
			buildSettings = {
				ASSETCATALOG_COMPILER_APPICON_NAME = AppIcon;
				ASSETCATALOG_COMPILER_LAUNCHIMAGE_NAME = LaunchImage;
				GCC_PRECOMPILE_PREFIX_HEADER = YES;
				GCC_PREFIX_HEADER = "Lissu/Lissu-Prefix.pch";
				INFOPLIST_FILE = "Lissu/Lissu-Info.plist";
				IPHONEOS_DEPLOYMENT_TARGET = 7.0;
				PRODUCT_NAME = "$(TARGET_NAME)";
				TARGETED_DEVICE_FAMILY = "1,2";
				WRAPPER_EXTENSION = app;
			};
			name = Release;
		};
		644AA63919B517F300F2382E /* Debug */ = {
			isa = XCBuildConfiguration;
			buildSettings = {
				BUNDLE_LOADER = "$(BUILT_PRODUCTS_DIR)/Lissu.app/Lissu";
				FRAMEWORK_SEARCH_PATHS = (
					"$(SDKROOT)/Developer/Library/Frameworks",
					"$(inherited)",
					"$(DEVELOPER_FRAMEWORKS_DIR)",
				);
				GCC_PRECOMPILE_PREFIX_HEADER = YES;
				GCC_PREFIX_HEADER = "Lissu/Lissu-Prefix.pch";
				GCC_PREPROCESSOR_DEFINITIONS = (
					"DEBUG=1",
					"$(inherited)",
				);
				INFOPLIST_FILE = "LissuTests/LissuTests-Info.plist";
				PRODUCT_NAME = "$(TARGET_NAME)";
				TEST_HOST = "$(BUNDLE_LOADER)";
				WRAPPER_EXTENSION = xctest;
			};
			name = Debug;
		};
		644AA63A19B517F300F2382E /* Release */ = {
			isa = XCBuildConfiguration;
			buildSettings = {
				BUNDLE_LOADER = "$(BUILT_PRODUCTS_DIR)/Lissu.app/Lissu";
				FRAMEWORK_SEARCH_PATHS = (
					"$(SDKROOT)/Developer/Library/Frameworks",
					"$(inherited)",
					"$(DEVELOPER_FRAMEWORKS_DIR)",
				);
				GCC_PRECOMPILE_PREFIX_HEADER = YES;
				GCC_PREFIX_HEADER = "Lissu/Lissu-Prefix.pch";
				INFOPLIST_FILE = "LissuTests/LissuTests-Info.plist";
				PRODUCT_NAME = "$(TARGET_NAME)";
				TEST_HOST = "$(BUNDLE_LOADER)";
				WRAPPER_EXTENSION = xctest;
			};
			name = Release;
		};
/* End XCBuildConfiguration section */

/* Begin XCConfigurationList section */
		644AA5FE19B517F300F2382E /* Build configuration list for PBXProject "Lissu" */ = {
			isa = XCConfigurationList;
			buildConfigurations = (
				644AA63319B517F300F2382E /* Debug */,
				644AA63419B517F300F2382E /* Release */,
			);
			defaultConfigurationIsVisible = 0;
			defaultConfigurationName = Release;
		};
		644AA63519B517F300F2382E /* Build configuration list for PBXNativeTarget "Lissu" */ = {
			isa = XCConfigurationList;
			buildConfigurations = (
				644AA63619B517F300F2382E /* Debug */,
				644AA63719B517F300F2382E /* Release */,
			);
			defaultConfigurationIsVisible = 0;
			defaultConfigurationName = Release;
		};
		644AA63819B517F300F2382E /* Build configuration list for PBXNativeTarget "LissuTests" */ = {
			isa = XCConfigurationList;
			buildConfigurations = (
				644AA63919B517F300F2382E /* Debug */,
				644AA63A19B517F300F2382E /* Release */,
			);
			defaultConfigurationIsVisible = 0;
			defaultConfigurationName = Release;
		};
/* End XCConfigurationList section */
	};
	rootObject = 644AA5FB19B517F300F2382E /* Project object */;
}
